
Microsoft Visual Studio Solution File, Format Version 12.00
# Visual Studio Version 17
VisualStudioVersion = 17.14.36623.8
MinimumVisualStudioVersion = 10.0.40219.1
Project("{FAE04EC0-301F-11D3-BF4B-00C04F79EFBC}") = "Dummy", "Dummy\Dummy.csproj", "{D3000CD5-9242-4EEB-91CA-0FE0FE9E24FB}"
EndProject
Project("{FAE04EC0-301F-11D3-BF4B-00C04F79EFBC}") = "PageNav", "PageNav\PageNav.csproj", "{6FEE5986-E8A0-4DDF-B944-2AF7162DFBB5}"
EndProject
Project("{FAE04EC0-301F-11D3-BF4B-00C04F79EFBC}") = "PageNav.WinForms", "PageNav.WinForms\PageNav.WinForms.csproj", "{BF73BB61-AC52-47B8-9A34-2D2DAC5D0B5E}"
EndProject
Project("{FAE04EC0-301F-11D3-BF4B-00C04F79EFBC}") = "PageNav.Wpf", "PageNav.Wpf\PageNav.Wpf.csproj", "{50185016-C32C-4FC0-9C92-A77DC334586C}"
EndProject
Project("{FAE04EC0-301F-11D3-BF4B-00C04F79EFBC}") = "Demo", "Demo\Demo.csproj", "{14FF3BF2-7D8F-4386-A5A5-74D30D2C0033}"
EndProject
Project("{2150E333-8FDC-42A3-9474-1A3956D46DE8}") = "Solution Items", "Solution Items", "{02EA681E-C7D8-13C7-8484-4AC65E1B71E8}"
EndProject
Global
	GlobalSection(SolutionConfigurationPlatforms) = preSolution
		Debug|Any CPU = Debug|Any CPU
		Release|Any CPU = Release|Any CPU
	EndGlobalSection
	GlobalSection(ProjectConfigurationPlatforms) = postSolution
		{D3000CD5-9242-4EEB-91CA-0FE0FE9E24FB}.Debug|Any CPU.ActiveCfg = Debug|Any CPU
		{D3000CD5-9242-4EEB-91CA-0FE0FE9E24FB}.Debug|Any CPU.Build.0 = Debug|Any CPU
		{D3000CD5-9242-4EEB-91CA-0FE0FE9E24FB}.Release|Any CPU.ActiveCfg = Release|Any CPU
		{D3000CD5-9242-4EEB-91CA-0FE0FE9E24FB}.Release|Any CPU.Build.0 = Release|Any CPU
		{6FEE5986-E8A0-4DDF-B944-2AF7162DFBB5}.Debug|Any CPU.ActiveCfg = Debug|Any CPU
		{6FEE5986-E8A0-4DDF-B944-2AF7162DFBB5}.Debug|Any CPU.Build.0 = Debug|Any CPU
		{6FEE5986-E8A0-4DDF-B944-2AF7162DFBB5}.Release|Any CPU.ActiveCfg = Release|Any CPU
		{6FEE5986-E8A0-4DDF-B944-2AF7162DFBB5}.Release|Any CPU.Build.0 = Release|Any CPU
		{BF73BB61-AC52-47B8-9A34-2D2DAC5D0B5E}.Debug|Any CPU.ActiveCfg = Debug|Any CPU
		{BF73BB61-AC52-47B8-9A34-2D2DAC5D0B5E}.Debug|Any CPU.Build.0 = Debug|Any CPU
		{BF73BB61-AC52-47B8-9A34-2D2DAC5D0B5E}.Release|Any CPU.ActiveCfg = Release|Any CPU
		{BF73BB61-AC52-47B8-9A34-2D2DAC5D0B5E}.Release|Any CPU.Build.0 = Release|Any CPU
		{50185016-C32C-4FC0-9C92-A77DC334586C}.Debug|Any CPU.ActiveCfg = Debug|Any CPU
		{50185016-C32C-4FC0-9C92-A77DC334586C}.Debug|Any CPU.Build.0 = Debug|Any CPU
		{50185016-C32C-4FC0-9C92-A77DC334586C}.Release|Any CPU.ActiveCfg = Release|Any CPU
		{50185016-C32C-4FC0-9C92-A77DC334586C}.Release|Any CPU.Build.0 = Release|Any CPU
		{14FF3BF2-7D8F-4386-A5A5-74D30D2C0033}.Debug|Any CPU.ActiveCfg = Debug|Any CPU
		{14FF3BF2-7D8F-4386-A5A5-74D30D2C0033}.Debug|Any CPU.Build.0 = Debug|Any CPU
		{14FF3BF2-7D8F-4386-A5A5-74D30D2C0033}.Release|Any CPU.ActiveCfg = Release|Any CPU
		{14FF3BF2-7D8F-4386-A5A5-74D30D2C0033}.Release|Any CPU.Build.0 = Release|Any CPU
	EndGlobalSection
	GlobalSection(SolutionProperties) = preSolution
		HideSolutionNode = FALSE
	EndGlobalSection
	GlobalSection(ExtensibilityGlobals) = postSolution
		SolutionGuid = {3E207EEC-68D7-4372-A19B-71D0DE146B8F}
	EndGlobalSection
EndGlobal
